Microsoft Visual Studio Solution File, Format Version 11.00
# Visual Studio 2008

Project("{182F1AC7-BB7E-A538-47CD-0AFE6EAC0664}") = "TextureViewer", "Assembly-CSharp-firstpass.csproj", "{087263C8-A21D-5891-C57D-9E2DA11B3218}"
EndProject
Project("{182F1AC7-BB7E-A538-47CD-0AFE6EAC0664}") = "TextureViewer", "Assembly-CSharp.csproj", "{818A013F-524D-15CB-3B9D-9AC144221B70}"
EndProject
Project("{182F1AC7-BB7E-A538-47CD-0AFE6EAC0664}") = "TextureViewer", "Assembly-CSharp-Editor.csproj", "{2CF992A7-7AB5-B947-5DB2-4EC76532EAAF}"
EndProject
Global
	GlobalSection(SolutionConfigurationPlatforms) = preSolution
		Debug|Any CPU = Debug|Any CPU
		Release|Any CPU = Release|Any CPU
	EndGlobalSection
	GlobalSection(ProjectConfigurationPlatforms) = postSolution
		{087263C8-A21D-5891-C57D-9E2DA11B3218}.Debug|Any CPU.ActiveCfg = Debug|Any CPU
		{087263C8-A21D-5891-C57D-9E2DA11B3218}.Debug|Any CPU.Build.0 = Debug|Any CPU
		{087263C8-A21D-5891-C57D-9E2DA11B3218}.Release|Any CPU.ActiveCfg = Release|Any CPU
		{087263C8-A21D-5891-C57D-9E2DA11B3218}.Release|Any CPU.Build.0 = Release|Any CPU
		{818A013F-524D-15CB-3B9D-9AC144221B70}.Debug|Any CPU.ActiveCfg = Debug|Any CPU
		{818A013F-524D-15CB-3B9D-9AC144221B70}.Debug|Any CPU.Build.0 = Debug|Any CPU
		{818A013F-524D-15CB-3B9D-9AC144221B70}.Release|Any CPU.ActiveCfg = Release|Any CPU
		{818A013F-524D-15CB-3B9D-9AC144221B70}.Release|Any CPU.Build.0 = Release|Any CPU
		{2CF992A7-7AB5-B947-5DB2-4EC76532EAAF}.Debug|Any CPU.ActiveCfg = Debug|Any CPU
		{2CF992A7-7AB5-B947-5DB2-4EC76532EAAF}.Debug|Any CPU.Build.0 = Debug|Any CPU
		{2CF992A7-7AB5-B947-5DB2-4EC76532EAAF}.Release|Any CPU.ActiveCfg = Release|Any CPU
		{2CF992A7-7AB5-B947-5DB2-4EC76532EAAF}.Release|Any CPU.Build.0 = Release|Any CPU
	EndGlobalSection
	GlobalSection(SolutionProperties) = preSolution
		HideSolutionNode = FALSE
	EndGlobalSection
			GlobalSection(MonoDevelopProperties) = preSolution
		StartupItem = Assembly-CSharp.csproj
		Policies = $0
		$0.TextStylePolicy = $1
		$1.inheritsSet = null
		$1.scope = text/x-csharp
		$0.CSharpFormattingPolicy = $2
		$2.inheritsSet = Mono
		$2.inheritsScope = text/x-csharp
		$2.scope = text/x-csharp
		$0.TextStylePolicy = $3
		$3.FileWidth = 120
		$3.TabWidth = 4
		$3.IndentWidth = 4
		$3.EolMarker = Unix
		$3.inheritsSet = Mono
		$3.inheritsScope = text/plain
		$3.scope = text/plain
	EndGlobalSection

EndGlobal
